# This file is generated by running "yarn install" inside your project.
# Manual changes might be lost - proceed with caution!

__metadata:
  version: 10
  cacheKey: 10c0

"@simpleclub-extended/private-lib@workspace:.":
  version: 0.0.0-use.local
  resolution: "@simpleclub-extended/private-lib@workspace:."
  dependencies:
    uuid: "npm:^14.0.1"
  languageName: unknown
  linkType: soft

"uuid@npm:^14.0.1":
  version: 14.0.1
  resolution: "uuid@npm:14.0.1"
  bin:
    uuid: dist-node/bin/uuid
  checksum: 10c0/2d961289097cb68c37d93d1da0b5c3aafc1eb9948a455cca8d0ae53a099b2fe583b8933254a84097f700e6bac2e23033364904df0467c22551d5d9611febcaf6
  languageName: node
  linkType: hard
