# This file is generated by running "yarn install" inside your project.
# Manual changes might be lost - proceed with caution!

__metadata:
  version: 8
  cacheKey: 10c0

"@simpleclub-extended/foo@workspace:.":
  version: 0.0.0-use.local
  resolution: "@simpleclub-extended/foo@workspace:."
  dependencies:
    "@simpleclub-extended/private-lib": "npm:0.0.1"
  languageName: unknown
  linkType: soft

"@simpleclub-extended/private-lib@npm:0.0.1":
  version: 0.0.1
  resolution: "@simpleclub-extended/private-lib@npm:0.0.1::__archiveUrl=https%3A%2F%2Fnpm.pkg.github.com%2Fdownload%2F%40simpleclub-extended%2Fprivate-lib%2F0.0.1%2Fddbbb632d0f06564e03a505d81747b35b50d36d0"
  checksum: 10c0/0000000000000000000000000000000000000000000000000000000000000000000000000000000000000000000000000000000000000000000000000000000000
  languageName: node
  linkType: hard
