# This file is generated by running "yarn install" inside your project.
# Manual changes might be lost - proceed with caution!

__metadata:
  version: 8
  cacheKey: 10c0

"@simpleclub-extended/foo@workspace:.":
  version: 0.0.0-use.local
  resolution: "@simpleclub-extended/foo@workspace:."
  dependencies:
    "@simpleclub-extended/private-lib": "npm:^0.0.1"
    left-pad: "npm:1.3.0"
  languageName: unknown
  linkType: soft

"@simpleclub-extended/private-lib@npm:^0.0.1":
  version: 0.0.1
  resolution: "@simpleclub-extended/private-lib@npm:0.0.1::__archiveUrl=https%3A%2F%2Fnpm.pkg.github.com%2Fdownload%2F%40simpleclub-extended%2Fprivate-lib%2F0.0.1%2F74115f71f5b9be105fa1b2c388a9685c04d1dd9b"
  dependencies:
    uuid: "npm:^14.0.1"
  checksum: 10c0/b3443417eeb6cd675ceff9b13745e18d79e0ccc0173ea6b6dc0ba67dca1004ed06503e83cd3aecaa1afdcf6f17a66f69ffc9f38b4fdbc9e79ba18fe3e3e43f72
  languageName: node
  linkType: hard

"left-pad@npm:1.3.0":
  version: 1.3.0
  resolution: "left-pad@npm:1.3.0"
  checksum: 10c0/3fb59c76e281a2f5c810ad71dbbb8eba8b10c6cf94733dc7f27b8c516a5376cacea53543e76f6ae477d866c8954b27f1e15ca349424c2542474eb5bb1d2b6955
  languageName: node
  linkType: hard

"uuid@npm:^14.0.1":
  version: 14.0.1
  resolution: "uuid@npm:14.0.1"
  bin:
    uuid: dist-node/bin/uuid
  checksum: 10c0/2d961289097cb68c37d93d1da0b5c3aafc1eb9948a455cca8d0ae53a099b2fe583b8933254a84097f700e6bac2e23033364904df0467c22551d5d9611febcaf6
  languageName: node
  linkType: hard
